{
  "name": "vshards",
  "version": "0.1.0",
  "lockfileVersion": 1,
  "requires": true,
  "dependencies": {
    "veeno": {
      "version": "0.0.1",
      "resolved": "https://registry.npmjs.org/veeno/-/veeno-0.0.1.tgz",
      "integrity": "sha512-Do9u5pGKUSNDgPzZEFn8gVunfaL7Oxo0y+pdiCToZGgeAJyVV87W/wQNyGvxoAybzUxUjFpAsdQe+3TCQ+Pvsw==",
      "requires": {
        "nouislider": "11.1.0"
      },
      "dependencies": {
        "nouislider": {
          "version": "11.1.0",
          "resolved": "https://registry.npmjs.org/nouislider/-/nouislider-11.1.0.tgz",
          "integrity": "sha512-nD+Fgc8A8j6hnGvR5AaV+OBuLF446z4H2fmcEJ/6U6CJr6rAnFnionMXu7dmdghZ+bhgePvL3wrDRbu+0ux7Jg=="
        }
      }
    }
  }
}
